
Microsoft Visual Studio Solution File, Format Version 12.00
# Visual Studio 15
VisualStudioVersion = 15.0.27130.2020
MinimumVisualStudioVersion = 10.0.40219.1
Project("{9A19103F-16F7-4668-BE54-9A1E7A4F7556}") = "mentorient", "mentorient\mentorient.csproj", "{F1D07124-7EE5-43B1-A4F5-92AAFED37895}"
EndProject
Project("{E53339B2-1760-4266-BCC7-CA923CBCF16C}") = "docker-compose", "docker-compose.dcproj", "{6D390560-23E7-4DDE-A55E-A6B17976FEE4}"
EndProject
Global
	GlobalSection(SolutionConfigurationPlatforms) = preSolution
		Debug|Any CPU = Debug|Any CPU
		Release|Any CPU = Release|Any CPU
	EndGlobalSection
	GlobalSection(ProjectConfigurationPlatforms) = postSolution
		{F1D07124-7EE5-43B1-A4F5-92AAFED37895}.Debug|Any CPU.ActiveCfg = Debug|Any CPU
		{F1D07124-7EE5-43B1-A4F5-92AAFED37895}.Debug|Any CPU.Build.0 = Debug|Any CPU
		{F1D07124-7EE5-43B1-A4F5-92AAFED37895}.Release|Any CPU.ActiveCfg = Release|Any CPU
		{F1D07124-7EE5-43B1-A4F5-92AAFED37895}.Release|Any CPU.Build.0 = Release|Any CPU
		{6D390560-23E7-4DDE-A55E-A6B17976FEE4}.Debug|Any CPU.ActiveCfg = Debug|Any CPU
		{6D390560-23E7-4DDE-A55E-A6B17976FEE4}.Debug|Any CPU.Build.0 = Debug|Any CPU
		{6D390560-23E7-4DDE-A55E-A6B17976FEE4}.Release|Any CPU.ActiveCfg = Release|Any CPU
		{6D390560-23E7-4DDE-A55E-A6B17976FEE4}.Release|Any CPU.Build.0 = Release|Any CPU
	EndGlobalSection
	GlobalSection(SolutionProperties) = preSolution
		HideSolutionNode = FALSE
	EndGlobalSection
	GlobalSection(ExtensibilityGlobals) = postSolution
		SolutionGuid = {6AFD517C-EAD3-495B-AC2F-7BCEB6BBD0A8}
	EndGlobalSection
EndGlobal
